
Microsoft Visual Studio Solution File, Format Version 12.00
# Visual Studio 15
VisualStudioVersion = 15.0.27703.2047
MinimumVisualStudioVersion = 10.0.40219.1
Project("{9A19103F-16F7-4668-BE54-9A1E7A4F7556}") = "SimpleGateway.Api", "SimpleGateway.Api\SimpleGateway.Api.csproj", "{8783DBEB-7D2E-4090-9795-BEADC874C28B}"
EndProject
Global
	GlobalSection(SolutionConfigurationPlatforms) = preSolution
		Debug|Any CPU = Debug|Any CPU
		Release|Any CPU = Release|Any CPU
	EndGlobalSection
	GlobalSection(ProjectConfigurationPlatforms) = postSolution
		{8783DBEB-7D2E-4090-9795-BEADC874C28B}.Debug|Any CPU.ActiveCfg = Debug|Any CPU
		{8783DBEB-7D2E-4090-9795-BEADC874C28B}.Debug|Any CPU.Build.0 = Debug|Any CPU
		{8783DBEB-7D2E-4090-9795-BEADC874C28B}.Release|Any CPU.ActiveCfg = Release|Any CPU
		{8783DBEB-7D2E-4090-9795-BEADC874C28B}.Release|Any CPU.Build.0 = Release|Any CPU
	EndGlobalSection
	GlobalSection(SolutionProperties) = preSolution
		HideSolutionNode = FALSE
	EndGlobalSection
	GlobalSection(ExtensibilityGlobals) = postSolution
		SolutionGuid = {DA7B2247-C118-4008-B787-8E6167301A6A}
	EndGlobalSection
EndGlobal
